// !$*UTF8*$!
{
	archiveVersion = 1;
	classes = {
	};
	objectVersion = 55;
	objects = {

/* Begin PBXBuildFile section */
		FB0C336E282BF885004EE708 /* WhosThatPokemonApp.swift in Sources */ = {isa = PBXBuildFile; fileRef = FB0C336D282BF885004EE708 /* WhosThatPokemonApp.swift */; };
		FB0C3370282BF885004EE708 /* ContentView.swift in Sources */ = {isa = PBXBuildFile; fileRef = FB0C336F282BF885004EE708 /* ContentView.swift */; };
		FB0C3372282BF887004EE708 /* Assets.xcassets in Resources */ = {isa = PBXBuildFile; fileRef = FB0C3371282BF887004EE708 /* Assets.xcassets */; };
		FB0C3375282BF887004EE708 /* Preview Assets.xcassets in Resources */ = {isa = PBXBuildFile; fileRef = FB0C3374282BF887004EE708 /* Preview Assets.xcassets */; };
		FB0C337C282BF89F004EE708 /* Network.swift in Sources */ = {isa = PBXBuildFile; fileRef = FB0C337B282BF89F004EE708 /* Network.swift */; };
		FB0C337E282BF906004EE708 /* Results.swift in Sources */ = {isa = PBXBuildFile; fileRef = FB0C337D282BF906004EE708 /* Results.swift */; };
		FB0C3383282BF95B004EE708 /* Details.swift in Sources */ = {isa = PBXBuildFile; fileRef = FB0C3382282BF95B004EE708 /* Details.swift */; };
		FB0C3385282BF9DD004EE708 /* Color-Extensions.swift in Sources */ = {isa = PBXBuildFile; fileRef = FB0C3384282BF9DD004EE708 /* Color-Extensions.swift */; };
		FB0C3388282BFA07004EE708 /* String-Extensions.swift in Sources */ = {isa = PBXBuildFile; fileRef = FB0C3387282BFA07004EE708 /* String-Extensions.swift */; };
/* End PBXBuildFile section */

/* Begin PBXFileReference section */
		FB0C336A282BF885004EE708 /* WhosThatPokemon.app */ = {isa = PBXFileReference; explicitFileType = wrapper.application; includeInIndex = 0; path = WhosThatPokemon.app; sourceTree = BUILT_PRODUCTS_DIR; };
		FB0C336D282BF885004EE708 /* WhosThatPokemonApp.swift */ = {isa = PBXFileReference; lastKnownFileType = sourcecode.swift; path = WhosThatPokemonApp.swift; sourceTree = "<group>"; };
		FB0C336F282BF885004EE708 /* ContentView.swift */ = {isa = PBXFileReference; lastKnownFileType = sourcecode.swift; path = ContentView.swift; sourceTree = "<group>"; };
		FB0C3371282BF887004EE708 /* Assets.xcassets */ = {isa = PBXFileReference; lastKnownFileType = folder.assetcatalog; path = Assets.xcassets; sourceTree = "<group>"; };
		FB0C3374282BF887004EE708 /* Preview Assets.xcassets */ = {isa = PBXFileReference; lastKnownFileType = folder.assetcatalog; path = "Preview Assets.xcassets"; sourceTree = "<group>"; };
		FB0C337B282BF89F004EE708 /* Network.swift */ = {isa = PBXFileReference; lastKnownFileType = sourcecode.swift; path = Network.swift; sourceTree = "<group>"; };
		FB0C337D282BF906004EE708 /* Results.swift */ = {isa = PBXFileReference; lastKnownFileType = sourcecode.swift; path = Results.swift; sourceTree = "<group>"; };
		FB0C3382282BF95B004EE708 /* Details.swift */ = {isa = PBXFileReference; lastKnownFileType = sourcecode.swift; path = Details.swift; sourceTree = "<group>"; };
		FB0C3384282BF9DD004EE708 /* Color-Extensions.swift */ = {isa = PBXFileReference; lastKnownFileType = sourcecode.swift; path = "Color-Extensions.swift"; sourceTree = "<group>"; };
		FB0C3387282BFA07004EE708 /* String-Extensions.swift */ = {isa = PBXFileReference; lastKnownFileType = sourcecode.swift; path = "String-Extensions.swift"; sourceTree = "<group>"; };
/* End PBXFileReference section */

/* Begin PBXFrameworksBuildPhase section */
		FB0C3367282BF885004EE708 /* Frameworks */ = {
			isa = PBXFrameworksBuildPhase;
			buildActionMask = 2147483647;
			files = (
			);
			runOnlyForDeploymentPostprocessing = 0;
		};
/* End PBXFrameworksBuildPhase section */

/* Begin PBXGroup section */
		FB0C3361282BF885004EE708 = {
			isa = PBXGroup;
			children = (
				FB0C336C282BF885004EE708 /* WhosThatPokemon */,
				FB0C336B282BF885004EE708 /* Products */,
			);
			sourceTree = "<group>";
		};
		FB0C336B282BF885004EE708 /* Products */ = {
			isa = PBXGroup;
			children = (
				FB0C336A282BF885004EE708 /* WhosThatPokemon.app */,
			);
			name = Products;
			sourceTree = "<group>";
		};
		FB0C336C282BF885004EE708 /* WhosThatPokemon */ = {
			isa = PBXGroup;
			children = (
				FB0C336D282BF885004EE708 /* WhosThatPokemonApp.swift */,
				FB0C3386282BF9EF004EE708 /* Helpers */,
				FB0C337F282BF91B004EE708 /* Model */,
				FB0C3380282BF930004EE708 /* View */,
				FB0C3381282BF938004EE708 /* ViewModel */,
				FB0C3371282BF887004EE708 /* Assets.xcassets */,
				FB0C3373282BF887004EE708 /* Preview Content */,
			);
			path = WhosThatPokemon;
			sourceTree = "<group>";
		};
		FB0C3373282BF887004EE708 /* Preview Content */ = {
			isa = PBXGroup;
			children = (
				FB0C3374282BF887004EE708 /* Preview Assets.xcassets */,
			);
			path = "Preview Content";
			sourceTree = "<group>";
		};
		FB0C337F282BF91B004EE708 /* Model */ = {
			isa = PBXGroup;
			children = (
				FB0C337D282BF906004EE708 /* Results.swift */,
				FB0C3382282BF95B004EE708 /* Details.swift */,
			);
			path = Model;
			sourceTree = "<group>";
		};
		FB0C3380282BF930004EE708 /* View */ = {
			isa = PBXGroup;
			children = (
				FB0C336F282BF885004EE708 /* ContentView.swift */,
			);
			path = View;
			sourceTree = "<group>";
		};
		FB0C3381282BF938004EE708 /* ViewModel */ = {
			isa = PBXGroup;
			children = (
				FB0C337B282BF89F004EE708 /* Network.swift */,
			);
			path = ViewModel;
			sourceTree = "<group>";
		};
		FB0C3386282BF9EF004EE708 /* Helpers */ = {
			isa = PBXGroup;
			children = (
				FB0C3384282BF9DD004EE708 /* Color-Extensions.swift */,
				FB0C3387282BFA07004EE708 /* String-Extensions.swift */,
			);
			path = Helpers;
			sourceTree = "<group>";
		};
/* End PBXGroup section */

/* Begin PBXNativeTarget section */
		FB0C3369282BF885004EE708 /* WhosThatPokemon */ = {
			isa = PBXNativeTarget;
			buildConfigurationList = FB0C3378282BF887004EE708 /* Build configuration list for PBXNativeTarget "WhosThatPokemon" */;
			buildPhases = (
				FB0C3366282BF885004EE708 /* Sources */,
				FB0C3367282BF885004EE708 /* Frameworks */,
				FB0C3368282BF885004EE708 /* Resources */,
			);
			buildRules = (
			);
			dependencies = (
			);
			name = WhosThatPokemon;
			productName = WhosThatPokemon;
			productReference = FB0C336A282BF885004EE708 /* WhosThatPokemon.app */;
			productType = "com.apple.product-type.application";
		};
/* End PBXNativeTarget section */

/* Begin PBXProject section */
		FB0C3362282BF885004EE708 /* Project object */ = {
			isa = PBXProject;
			attributes = {
				BuildIndependentTargetsInParallel = 1;
				LastSwiftUpdateCheck = 1330;
				LastUpgradeCheck = 1330;
				TargetAttributes = {
					FB0C3369282BF885004EE708 = {
						CreatedOnToolsVersion = 13.3.1;
					};
				};
			};
			buildConfigurationList = FB0C3365282BF885004EE708 /* Build configuration list for PBXProject "WhosThatPokemon" */;
			compatibilityVersion = "Xcode 13.0";
			developmentRegion = en;
			hasScannedForEncodings = 0;
			knownRegions = (
				en,
				Base,
			);
			mainGroup = FB0C3361282BF885004EE708;
			productRefGroup = FB0C336B282BF885004EE708 /* Products */;
			projectDirPath = "";
			projectRoot = "";
			targets = (
				FB0C3369282BF885004EE708 /* WhosThatPokemon */,
			);
		};
/* End PBXProject section */

/* Begin PBXResourcesBuildPhase section */
		FB0C3368282BF885004EE708 /* Resources */ = {
			isa = PBXResourcesBuildPhase;
			buildActionMask = 2147483647;
			files = (
				FB0C3375282BF887004EE708 /* Preview Assets.xcassets in Resources */,
				FB0C3372282BF887004EE708 /* Assets.xcassets in Resources */,
			);
			runOnlyForDeploymentPostprocessing = 0;
		};
/* End PBXResourcesBuildPhase section */

/* Begin PBXSourcesBuildPhase section */
		FB0C3366282BF885004EE708 /* Sources */ = {
			isa = PBXSourcesBuildPhase;
			buildActionMask = 2147483647;
			files = (
				FB0C3370282BF885004EE708 /* ContentView.swift in Sources */,
				FB0C3383282BF95B004EE708 /* Details.swift in Sources */,
				FB0C3388282BFA07004EE708 /* String-Extensions.swift in Sources */,
				FB0C336E282BF885004EE708 /* WhosThatPokemonApp.swift in Sources */,
				FB0C337E282BF906004EE708 /* Results.swift in Sources */,
				FB0C337C282BF89F004EE708 /* Network.swift in Sources */,
				FB0C3385282BF9DD004EE708 /* Color-Extensions.swift in Sources */,
			);
			runOnlyForDeploymentPostprocessing = 0;
		};
/* End PBXSourcesBuildPhase section */

/* Begin XCBuildConfiguration section */
		FB0C3376282BF887004EE708 /* Debug */ = {
			isa = XCBuildConfiguration;
			buildSettings = {
				ALWAYS_SEARCH_USER_PATHS = NO;
				CLANG_ANALYZER_NONNULL = YES;
				CLANG_ANALYZER_NUMBER_OBJECT_CONVERSION = YES_AGGRESSIVE;
				CLANG_CXX_LANGUAGE_STANDARD = "gnu++17";
				CLANG_ENABLE_MODULES = YES;
				CLANG_ENABLE_OBJC_ARC = YES;
				CLANG_ENABLE_OBJC_WEAK = YES;
				CLANG_WARN_BLOCK_CAPTURE_AUTORELEASING = YES;
				CLANG_WARN_BOOL_CONVERSION = YES;
				CLANG_WARN_COMMA = YES;
				CLANG_WARN_CONSTANT_CONVERSION = YES;
				CLANG_WARN_DEPRECATED_OBJC_IMPLEMENTATIONS = YES;
				CLANG_WARN_DIRECT_OBJC_ISA_USAGE = YES_ERROR;
				CLANG_WARN_DOCUMENTATION_COMMENTS = YES;
				CLANG_WARN_EMPTY_BODY = YES;
				CLANG_WARN_ENUM_CONVERSION = YES;
				CLANG_WARN_INFINITE_RECURSION = YES;
				CLANG_WARN_INT_CONVERSION = YES;
				CLANG_WARN_NON_LITERAL_NULL_CONVERSION = YES;
				CLANG_WARN_OBJC_IMPLICIT_RETAIN_SELF = YES;
				CLANG_WARN_OBJC_LITERAL_CONVERSION = YES;
				CLANG_WARN_OBJC_ROOT_CLASS = YES_ERROR;
				CLANG_WARN_QUOTED_INCLUDE_IN_FRAMEWORK_HEADER = YES;
				CLANG_WARN_RANGE_LOOP_ANALYSIS = YES;
				CLANG_WARN_STRICT_PROTOTYPES = YES;
				CLANG_WARN_SUSPICIOUS_MOVE = YES;
				CLANG_WARN_UNGUARDED_AVAILABILITY = YES_AGGRESSIVE;
				CLANG_WARN_UNREACHABLE_CODE = YES;
				CLANG_WARN__DUPLICATE_METHOD_MATCH = YES;
				COPY_PHASE_STRIP = NO;
				DEBUG_INFORMATION_FORMAT = dwarf;
				ENABLE_STRICT_OBJC_MSGSEND = YES;
				ENABLE_TESTABILITY = YES;
				GCC_C_LANGUAGE_STANDARD = gnu11;
				GCC_DYNAMIC_NO_PIC = NO;
				GCC_NO_COMMON_BLOCKS = YES;
				GCC_OPTIMIZATION_LEVEL = 0;
				GCC_PREPROCESSOR_DEFINITIONS = (
					"DEBUG=1",
					"$(inherited)",
				);
				GCC_WARN_64_TO_32_BIT_CONVERSION = YES;
				GCC_WARN_ABOUT_RETURN_TYPE = YES_ERROR;
				GCC_WARN_UNDECLARED_SELECTOR = YES;
				GCC_WARN_UNINITIALIZED_AUTOS = YES_AGGRESSIVE;
				GCC_WARN_UNUSED_FUNCTION = YES;
				GCC_WARN_UNUSED_VARIABLE = YES;
				IPHONEOS_DEPLOYMENT_TARGET = 15.4;
				MTL_ENABLE_DEBUG_INFO = INCLUDE_SOURCE;
				MTL_FAST_MATH = YES;
				ONLY_ACTIVE_ARCH = YES;
				SDKROOT = iphoneos;
				SWIFT_ACTIVE_COMPILATION_CONDITIONS = DEBUG;
				SWIFT_OPTIMIZATION_LEVEL = "-Onone";
			};
			name = Debug;
		};
		FB0C3377282BF887004EE708 /* Release */ = {
			isa = XCBuildConfiguration;
			buildSettings = {
				ALWAYS_SEARCH_USER_PATHS = NO;
				CLANG_ANALYZER_NONNULL = YES;
				CLANG_ANALYZER_NUMBER_OBJECT_CONVERSION = YES_AGGRESSIVE;
				CLANG_CXX_LANGUAGE_STANDARD = "gnu++17";
				CLANG_ENABLE_MODULES = YES;
				CLANG_ENABLE_OBJC_ARC = YES;
				CLANG_ENABLE_OBJC_WEAK = YES;
				CLANG_WARN_BLOCK_CAPTURE_AUTORELEASING = YES;
				CLANG_WARN_BOOL_CONVERSION = YES;
				CLANG_WARN_COMMA = YES;
				CLANG_WARN_CONSTANT_CONVERSION = YES;
				CLANG_WARN_DEPRECATED_OBJC_IMPLEMENTATIONS = YES;
				CLANG_WARN_DIRECT_OBJC_ISA_USAGE = YES_ERROR;
				CLANG_WARN_DOCUMENTATION_COMMENTS = YES;
				CLANG_WARN_EMPTY_BODY = YES;
				CLANG_WARN_ENUM_CONVERSION = YES;
				CLANG_WARN_INFINITE_RECURSION = YES;
				CLANG_WARN_INT_CONVERSION = YES;
				CLANG_WARN_NON_LITERAL_NULL_CONVERSION = YES;
				CLANG_WARN_OBJC_IMPLICIT_RETAIN_SELF = YES;
				CLANG_WARN_OBJC_LITERAL_CONVERSION = YES;
				CLANG_WARN_OBJC_ROOT_CLASS = YES_ERROR;
				CLANG_WARN_QUOTED_INCLUDE_IN_FRAMEWORK_HEADER = YES;
				CLANG_WARN_RANGE_LOOP_ANALYSIS = YES;
				CLANG_WARN_STRICT_PROTOTYPES = YES;
				CLANG_WARN_SUSPICIOUS_MOVE = YES;
				CLANG_WARN_UNGUARDED_AVAILABILITY = YES_AGGRESSIVE;
				CLANG_WARN_UNREACHABLE_CODE = YES;
				CLANG_WARN__DUPLICATE_METHOD_MATCH = YES;
				COPY_PHASE_STRIP = NO;
				DEBUG_INFORMATION_FORMAT = "dwarf-with-dsym";
				ENABLE_NS_ASSERTIONS = NO;
				ENABLE_STRICT_OBJC_MSGSEND = YES;
				GCC_C_LANGUAGE_STANDARD = gnu11;
				GCC_NO_COMMON_BLOCKS = YES;
				GCC_WARN_64_TO_32_BIT_CONVERSION = YES;
				GCC_WARN_ABOUT_RETURN_TYPE = YES_ERROR;
				GCC_WARN_UNDECLARED_SELECTOR = YES;
				GCC_WARN_UNINITIALIZED_AUTOS = YES_AGGRESSIVE;
				GCC_WARN_UNUSED_FUNCTION = YES;
				GCC_WARN_UNUSED_VARIABLE = YES;
				IPHONEOS_DEPLOYMENT_TARGET = 15.4;
				MTL_ENABLE_DEBUG_INFO = NO;
				MTL_FAST_MATH = YES;
				SDKROOT = iphoneos;
				SWIFT_COMPILATION_MODE = wholemodule;
				SWIFT_OPTIMIZATION_LEVEL = "-O";
				VALIDATE_PRODUCT = YES;
			};
			name = Release;
		};
		FB0C3379282BF887004EE708 /* Debug */ = {
			isa = XCBuildConfiguration;
			buildSettings = {
				ASSETCATALOG_COMPILER_APPICON_NAME = AppIcon;
				ASSETCATALOG_COMPILER_GLOBAL_ACCENT_COLOR_NAME = AccentColor;
				CODE_SIGN_STYLE = Automatic;
				CURRENT_PROJECT_VERSION = 1;
				DEVELOPMENT_ASSET_PATHS = "\"WhosThatPokemon/Preview Content\"";
				DEVELOPMENT_TEAM = 79TGW8BULZ;
				ENABLE_PREVIEWS = YES;
				GENERATE_INFOPLIST_FILE = YES;
				INFOPLIST_KEY_UIApplicationSceneManifest_Generation = YES;
				INFOPLIST_KEY_UIApplicationSupportsIndirectInputEvents = YES;
				INFOPLIST_KEY_UILaunchScreen_Generation = YES;
				INFOPLIST_KEY_UISupportedInterfaceOrientations_iPad = "UIInterfaceOrientationPortrait UIInterfaceOrientationPortraitUpsideDown UIInterfaceOrientationLandscapeLeft UIInterfaceOrientationLandscapeRight";
				INFOPLIST_KEY_UISupportedInterfaceOrientations_iPhone = "UIInterfaceOrientationPortrait UIInterfaceOrientationLandscapeLeft UIInterfaceOrientationLandscapeRight";
				LD_RUNPATH_SEARCH_PATHS = (
					"$(inherited)",
					"@executable_path/Frameworks",
				);
				MARKETING_VERSION = 1.0;
				PRODUCT_BUNDLE_IDENTIFIER = com.jerrycox.WhosThatPokemon;
				PRODUCT_NAME = "$(TARGET_NAME)";
				SWIFT_EMIT_LOC_STRINGS = YES;
				SWIFT_VERSION = 5.0;
				TARGETED_DEVICE_FAMILY = "1,2";
			};
			name = Debug;
		};
		FB0C337A282BF887004EE708 /* Release */ = {
			isa = XCBuildConfiguration;
			buildSettings = {
				ASSETCATALOG_COMPILER_APPICON_NAME = AppIcon;
				ASSETCATALOG_COMPILER_GLOBAL_ACCENT_COLOR_NAME = AccentColor;
				CODE_SIGN_STYLE = Automatic;
				CURRENT_PROJECT_VERSION = 1;
				DEVELOPMENT_ASSET_PATHS = "\"WhosThatPokemon/Preview Content\"";
				DEVELOPMENT_TEAM = 79TGW8BULZ;
				ENABLE_PREVIEWS = YES;
				GENERATE_INFOPLIST_FILE = YES;
				INFOPLIST_KEY_UIApplicationSceneManifest_Generation = YES;
				INFOPLIST_KEY_UIApplicationSupportsIndirectInputEvents = YES;
				INFOPLIST_KEY_UILaunchScreen_Generation = YES;
				INFOPLIST_KEY_UISupportedInterfaceOrientations_iPad = "UIInterfaceOrientationPortrait UIInterfaceOrientationPortraitUpsideDown UIInterfaceOrientationLandscapeLeft UIInterfaceOrientationLandscapeRight";
				INFOPLIST_KEY_UISupportedInterfaceOrientations_iPhone = "UIInterfaceOrientationPortrait UIInterfaceOrientationLandscapeLeft UIInterfaceOrientationLandscapeRight";
				LD_RUNPATH_SEARCH_PATHS = (
					"$(inherited)",
					"@executable_path/Frameworks",
				);
				MARKETING_VERSION = 1.0;
				PRODUCT_BUNDLE_IDENTIFIER = com.jerrycox.WhosThatPokemon;
				PRODUCT_NAME = "$(TARGET_NAME)";
				SWIFT_EMIT_LOC_STRINGS = YES;
				SWIFT_VERSION = 5.0;
				TARGETED_DEVICE_FAMILY = "1,2";
			};
			name = Release;
		};
/* End XCBuildConfiguration section */

/* Begin XCConfigurationList section */
		FB0C3365282BF885004EE708 /* Build configuration list for PBXProject "WhosThatPokemon" */ = {
			isa = XCConfigurationList;
			buildConfigurations = (
				FB0C3376282BF887004EE708 /* Debug */,
				FB0C3377282BF887004EE708 /* Release */,
			);
			defaultConfigurationIsVisible = 0;
			defaultConfigurationName = Release;
		};
		FB0C3378282BF887004EE708 /* Build configuration list for PBXNativeTarget "WhosThatPokemon" */ = {
			isa = XCConfigurationList;
			buildConfigurations = (
				FB0C3379282BF887004EE708 /* Debug */,
				FB0C337A282BF887004EE708 /* Release */,
			);
			defaultConfigurationIsVisible = 0;
			defaultConfigurationName = Release;
		};
/* End XCConfigurationList section */
	};
	rootObject = FB0C3362282BF885004EE708 /* Project object */;
}
